
Microsoft Visual Studio Solution File, Format Version 12.00
# Visual Studio Version 17
VisualStudioVersion = 17.1.32319.34
MinimumVisualStudioVersion = 10.0.40219.1
Project("{9A19103F-16F7-4668-BE54-9A1E7A4F7556}") = "BackEnd", "BackEnd\BackEnd.csproj", "{C5E4F6B5-01B4-4F4F-BE1B-5692C6A701A6}"
EndProject
Project("{54A90642-561A-4BB1-A94E-469ADEE60C69}") = "frontendd", "front\frontendd.esproj", "{24BFE898-4C56-4EA7-83CD-8BF336AD1AED}"
EndProject
Global
	GlobalSection(SolutionConfigurationPlatforms) = preSolution
		Debug|Any CPU = Debug|Any CPU
		Release|Any CPU = Release|Any CPU
	EndGlobalSection
	GlobalSection(ProjectConfigurationPlatforms) = postSolution
		{C5E4F6B5-01B4-4F4F-BE1B-5692C6A701A6}.Debug|Any CPU.ActiveCfg = Debug|Any CPU
		{C5E4F6B5-01B4-4F4F-BE1B-5692C6A701A6}.Debug|Any CPU.Build.0 = Debug|Any CPU
		{C5E4F6B5-01B4-4F4F-BE1B-5692C6A701A6}.Release|Any CPU.ActiveCfg = Release|Any CPU
		{C5E4F6B5-01B4-4F4F-BE1B-5692C6A701A6}.Release|Any CPU.Build.0 = Release|Any CPU
		{24BFE898-4C56-4EA7-83CD-8BF336AD1AED}.Debug|Any CPU.ActiveCfg = Debug|Any CPU
		{24BFE898-4C56-4EA7-83CD-8BF336AD1AED}.Debug|Any CPU.Build.0 = Debug|Any CPU
		{24BFE898-4C56-4EA7-83CD-8BF336AD1AED}.Debug|Any CPU.Deploy.0 = Debug|Any CPU
		{24BFE898-4C56-4EA7-83CD-8BF336AD1AED}.Release|Any CPU.ActiveCfg = Release|Any CPU
		{24BFE898-4C56-4EA7-83CD-8BF336AD1AED}.Release|Any CPU.Build.0 = Release|Any CPU
		{24BFE898-4C56-4EA7-83CD-8BF336AD1AED}.Release|Any CPU.Deploy.0 = Release|Any CPU
	EndGlobalSection
	GlobalSection(SolutionProperties) = preSolution
		HideSolutionNode = FALSE
	EndGlobalSection
	GlobalSection(ExtensibilityGlobals) = postSolution
		SolutionGuid = {E3566504-22BD-456A-8DCD-91CAD22D14A8}
	EndGlobalSection
EndGlobal
